
Microsoft Visual Studio Solution File, Format Version 12.00
# Visual Studio Version 17
VisualStudioVersion = 17.10.35027.167
MinimumVisualStudioVersion = 10.0.40219.1
Project("{FAE04EC0-301F-11D3-BF4B-00C04F79EFBC}") = "BlobFunction", "BlobFunction.csproj", "{9E96745D-8713-4691-997E-3C277FE6D1E6}"
EndProject
Global
	GlobalSection(SolutionConfigurationPlatforms) = preSolution
		Debug|Any CPU = Debug|Any CPU
		Release|Any CPU = Release|Any CPU
	EndGlobalSection
	GlobalSection(ProjectConfigurationPlatforms) = postSolution
		{9E96745D-8713-4691-997E-3C277FE6D1E6}.Debug|Any CPU.ActiveCfg = Debug|Any CPU
		{9E96745D-8713-4691-997E-3C277FE6D1E6}.Debug|Any CPU.Build.0 = Debug|Any CPU
		{9E96745D-8713-4691-997E-3C277FE6D1E6}.Release|Any CPU.ActiveCfg = Release|Any CPU
		{9E96745D-8713-4691-997E-3C277FE6D1E6}.Release|Any CPU.Build.0 = Release|Any CPU
	EndGlobalSection
	GlobalSection(SolutionProperties) = preSolution
		HideSolutionNode = FALSE
	EndGlobalSection
	GlobalSection(ExtensibilityGlobals) = postSolution
		SolutionGuid = {13847D33-9A35-4AAB-A998-010F5E2F704B}
	EndGlobalSection
EndGlobal
